
Microsoft Visual Studio Solution File, Format Version 12.00
# Visual Studio Version 17
VisualStudioVersion = 17.9.34728.123
MinimumVisualStudioVersion = 10.0.40219.1
Project("{FAE04EC0-301F-11D3-BF4B-00C04F79EFBC}") = "ex19_asyncs", "ex19_asyncs\ex19_asyncs.csproj", "{ED178935-0765-45A2-97D0-4294C0D3F67A}"
EndProject
Global
	GlobalSection(SolutionConfigurationPlatforms) = preSolution
		Debug|Any CPU = Debug|Any CPU
		Release|Any CPU = Release|Any CPU
	EndGlobalSection
	GlobalSection(ProjectConfigurationPlatforms) = postSolution
		{ED178935-0765-45A2-97D0-4294C0D3F67A}.Debug|Any CPU.ActiveCfg = Debug|Any CPU
		{ED178935-0765-45A2-97D0-4294C0D3F67A}.Debug|Any CPU.Build.0 = Debug|Any CPU
		{ED178935-0765-45A2-97D0-4294C0D3F67A}.Release|Any CPU.ActiveCfg = Release|Any CPU
		{ED178935-0765-45A2-97D0-4294C0D3F67A}.Release|Any CPU.Build.0 = Release|Any CPU
	EndGlobalSection
	GlobalSection(SolutionProperties) = preSolution
		HideSolutionNode = FALSE
	EndGlobalSection
	GlobalSection(ExtensibilityGlobals) = postSolution
		SolutionGuid = {10B8A9F3-F29C-4F39-BD12-44602032DB57}
	EndGlobalSection
EndGlobal
